
Microsoft Visual Studio Solution File, Format Version 12.00
# Visual Studio Version 16
VisualStudioVersion = 16.0.31019.35
MinimumVisualStudioVersion = 10.0.40219.1
Project("{2150E333-8FDC-42A3-9474-1A3956D46DE8}") = "Source", "Source", "{196F2714-010C-479C-AAC5-1485906EC1E7}"
EndProject
Project("{2150E333-8FDC-42A3-9474-1A3956D46DE8}") = "WebApi", "WebApi", "{930BA702-C5E0-433F-8705-8EF40D0C5AA2}"
EndProject
Project("{9A19103F-16F7-4668-BE54-9A1E7A4F7556}") = "HRIS.WebApi", "HRIS\HRIS.WebApi\HRIS.WebApi.csproj", "{A33EF48C-ACE8-468B-BBF1-7B1382813B6D}"
EndProject
Project("{2150E333-8FDC-42A3-9474-1A3956D46DE8}") = "Core", "Core", "{A604C8F0-FD89-4EB8-9407-AF7C971D04AE}"
EndProject
Project("{9A19103F-16F7-4668-BE54-9A1E7A4F7556}") = "HRIS.Application", "HRIS\HRIS.Application\HRIS.Application.csproj", "{F71512A9-9AAA-4DFA-A26E-BFCB04C4248A}"
EndProject
Project("{9A19103F-16F7-4668-BE54-9A1E7A4F7556}") = "HRIS.Domain", "HRIS\HRIS.Domain\HRIS.Domain.csproj", "{0AB7E9B1-FB70-4676-B35E-A2607E3B9BE1}"
EndProject
Project("{2150E333-8FDC-42A3-9474-1A3956D46DE8}") = "Infrastructure", "Infrastructure", "{4DB466FB-528B-4C58-B36E-C14032EAEDA2}"
EndProject
Project("{9A19103F-16F7-4668-BE54-9A1E7A4F7556}") = "HRIS.Infrastructure.Identity", "HRIS\HRIS.Infrastructure.Identity\HRIS.Infrastructure.Identity.csproj", "{D7CA1660-E4E0-4AA4-8626-6200650E52D2}"
EndProject
Project("{9A19103F-16F7-4668-BE54-9A1E7A4F7556}") = "HRIS.Infrastructure.Persistence", "HRIS\HRIS.Infrastructure.Persistence\HRIS.Infrastructure.Persistence.csproj", "{BDBF34BA-E2D5-4994-B23C-DC36B78B2FF7}"
EndProject
Project("{9A19103F-16F7-4668-BE54-9A1E7A4F7556}") = "HRIS.Infrastructure.Shared", "HRIS\HRIS.Infrastructure.Shared\HRIS.Infrastructure.Shared.csproj", "{524A638D-4173-4DB6-BE27-1F0787CF4F2B}"
EndProject
Project("{2150E333-8FDC-42A3-9474-1A3956D46DE8}") = "WebUI", "WebUI", "{56842932-3EDD-4E52-BD70-C53ADD71806D}"
	ProjectSection(SolutionItems) = preProject
		ReadMe.txt = ReadMe.txt
	EndProjectSection
EndProject
Project("{FAE04EC0-301F-11D3-BF4B-00C04F79EFBC}") = "HRIS.WebUI", "HRIS\HRIS.WebUI\HRIS.WebUI.csproj", "{EEB52844-2A1D-4694-90D6-D19D4E6E6883}"
EndProject
Global
	GlobalSection(SolutionConfigurationPlatforms) = preSolution
		Debug|Any CPU = Debug|Any CPU
		Release|Any CPU = Release|Any CPU
	EndGlobalSection
	GlobalSection(ProjectConfigurationPlatforms) = postSolution
		{A33EF48C-ACE8-468B-BBF1-7B1382813B6D}.Debug|Any CPU.ActiveCfg = Debug|Any CPU
		{A33EF48C-ACE8-468B-BBF1-7B1382813B6D}.Debug|Any CPU.Build.0 = Debug|Any CPU
		{A33EF48C-ACE8-468B-BBF1-7B1382813B6D}.Release|Any CPU.ActiveCfg = Release|Any CPU
		{A33EF48C-ACE8-468B-BBF1-7B1382813B6D}.Release|Any CPU.Build.0 = Release|Any CPU
		{F71512A9-9AAA-4DFA-A26E-BFCB04C4248A}.Debug|Any CPU.ActiveCfg = Debug|Any CPU
		{F71512A9-9AAA-4DFA-A26E-BFCB04C4248A}.Debug|Any CPU.Build.0 = Debug|Any CPU
		{F71512A9-9AAA-4DFA-A26E-BFCB04C4248A}.Release|Any CPU.ActiveCfg = Release|Any CPU
		{F71512A9-9AAA-4DFA-A26E-BFCB04C4248A}.Release|Any CPU.Build.0 = Release|Any CPU
		{0AB7E9B1-FB70-4676-B35E-A2607E3B9BE1}.Debug|Any CPU.ActiveCfg = Debug|Any CPU
		{0AB7E9B1-FB70-4676-B35E-A2607E3B9BE1}.Debug|Any CPU.Build.0 = Debug|Any CPU
		{0AB7E9B1-FB70-4676-B35E-A2607E3B9BE1}.Release|Any CPU.ActiveCfg = Release|Any CPU
		{0AB7E9B1-FB70-4676-B35E-A2607E3B9BE1}.Release|Any CPU.Build.0 = Release|Any CPU
		{D7CA1660-E4E0-4AA4-8626-6200650E52D2}.Debug|Any CPU.ActiveCfg = Debug|Any CPU
		{D7CA1660-E4E0-4AA4-8626-6200650E52D2}.Debug|Any CPU.Build.0 = Debug|Any CPU
		{D7CA1660-E4E0-4AA4-8626-6200650E52D2}.Release|Any CPU.ActiveCfg = Release|Any CPU
		{D7CA1660-E4E0-4AA4-8626-6200650E52D2}.Release|Any CPU.Build.0 = Release|Any CPU
		{BDBF34BA-E2D5-4994-B23C-DC36B78B2FF7}.Debug|Any CPU.ActiveCfg = Debug|Any CPU
		{BDBF34BA-E2D5-4994-B23C-DC36B78B2FF7}.Debug|Any CPU.Build.0 = Debug|Any CPU
		{BDBF34BA-E2D5-4994-B23C-DC36B78B2FF7}.Release|Any CPU.ActiveCfg = Release|Any CPU
		{BDBF34BA-E2D5-4994-B23C-DC36B78B2FF7}.Release|Any CPU.Build.0 = Release|Any CPU
		{524A638D-4173-4DB6-BE27-1F0787CF4F2B}.Debug|Any CPU.ActiveCfg = Debug|Any CPU
		{524A638D-4173-4DB6-BE27-1F0787CF4F2B}.Debug|Any CPU.Build.0 = Debug|Any CPU
		{524A638D-4173-4DB6-BE27-1F0787CF4F2B}.Release|Any CPU.ActiveCfg = Release|Any CPU
		{524A638D-4173-4DB6-BE27-1F0787CF4F2B}.Release|Any CPU.Build.0 = Release|Any CPU
		{EEB52844-2A1D-4694-90D6-D19D4E6E6883}.Debug|Any CPU.ActiveCfg = Debug|Any CPU
		{EEB52844-2A1D-4694-90D6-D19D4E6E6883}.Debug|Any CPU.Build.0 = Debug|Any CPU
		{EEB52844-2A1D-4694-90D6-D19D4E6E6883}.Release|Any CPU.ActiveCfg = Release|Any CPU
		{EEB52844-2A1D-4694-90D6-D19D4E6E6883}.Release|Any CPU.Build.0 = Release|Any CPU
	EndGlobalSection
	GlobalSection(SolutionProperties) = preSolution
		HideSolutionNode = FALSE
	EndGlobalSection
	GlobalSection(NestedProjects) = preSolution
		{930BA702-C5E0-433F-8705-8EF40D0C5AA2} = {196F2714-010C-479C-AAC5-1485906EC1E7}
		{A33EF48C-ACE8-468B-BBF1-7B1382813B6D} = {930BA702-C5E0-433F-8705-8EF40D0C5AA2}
		{A604C8F0-FD89-4EB8-9407-AF7C971D04AE} = {196F2714-010C-479C-AAC5-1485906EC1E7}
		{F71512A9-9AAA-4DFA-A26E-BFCB04C4248A} = {A604C8F0-FD89-4EB8-9407-AF7C971D04AE}
		{0AB7E9B1-FB70-4676-B35E-A2607E3B9BE1} = {A604C8F0-FD89-4EB8-9407-AF7C971D04AE}
		{4DB466FB-528B-4C58-B36E-C14032EAEDA2} = {196F2714-010C-479C-AAC5-1485906EC1E7}
		{D7CA1660-E4E0-4AA4-8626-6200650E52D2} = {4DB466FB-528B-4C58-B36E-C14032EAEDA2}
		{BDBF34BA-E2D5-4994-B23C-DC36B78B2FF7} = {4DB466FB-528B-4C58-B36E-C14032EAEDA2}
		{524A638D-4173-4DB6-BE27-1F0787CF4F2B} = {4DB466FB-528B-4C58-B36E-C14032EAEDA2}
		{56842932-3EDD-4E52-BD70-C53ADD71806D} = {196F2714-010C-479C-AAC5-1485906EC1E7}
		{EEB52844-2A1D-4694-90D6-D19D4E6E6883} = {56842932-3EDD-4E52-BD70-C53ADD71806D}
	EndGlobalSection
	GlobalSection(ExtensibilityGlobals) = postSolution
		SolutionGuid = {FB88FA4A-F8F3-4D68-BC8F-CF6542B2B9F6}
	EndGlobalSection
EndGlobal
